
Microsoft Visual Studio Solution File, Format Version 12.00
# Visual Studio Version 17
VisualStudioVersion = 17.6.33927.249
MinimumVisualStudioVersion = 10.0.40219.1
Project("{FAE04EC0-301F-11D3-BF4B-00C04F79EFBC}") = "DebitOrderProcessor", "DebitOrderProcessor\DebitOrderProcessor.csproj", "{2F709621-0C2D-4EC3-B01A-03D03BA5160C}"
EndProject
Global
	GlobalSection(SolutionConfigurationPlatforms) = preSolution
		Debug|Any CPU = Debug|Any CPU
		Release|Any CPU = Release|Any CPU
	EndGlobalSection
	GlobalSection(ProjectConfigurationPlatforms) = postSolution
		{2F709621-0C2D-4EC3-B01A-03D03BA5160C}.Debug|Any CPU.ActiveCfg = Debug|Any CPU
		{2F709621-0C2D-4EC3-B01A-03D03BA5160C}.Debug|Any CPU.Build.0 = Debug|Any CPU
		{2F709621-0C2D-4EC3-B01A-03D03BA5160C}.Release|Any CPU.ActiveCfg = Release|Any CPU
		{2F709621-0C2D-4EC3-B01A-03D03BA5160C}.Release|Any CPU.Build.0 = Release|Any CPU
	EndGlobalSection
	GlobalSection(SolutionProperties) = preSolution
		HideSolutionNode = FALSE
	EndGlobalSection
	GlobalSection(ExtensibilityGlobals) = postSolution
		SolutionGuid = {573270C8-8D47-4E69-AA25-45F0793EA0B6}
	EndGlobalSection
EndGlobal
